
Microsoft Visual Studio Solution File, Format Version 12.00
# Visual Studio 14
VisualStudioVersion = 14.0.25420.1
MinimumVisualStudioVersion = 10.0.40219.1
Project("{FAE04EC0-301F-11D3-BF4B-00C04F79EFBC}") = "LW.Agents.Web", "LW.Agents.Web\LW.Agents.Web.csproj", "{C5CD9A62-1554-420D-AC33-D52AC47D2EFB}"
EndProject
Project("{FAE04EC0-301F-11D3-BF4B-00C04F79EFBC}") = "LW.Agents.Common", "LW.Agents.Common\LW.Agents.Common.csproj", "{1F75C770-4D20-469D-9A92-F5578D01C3C1}"
EndProject
Project("{FAE04EC0-301F-11D3-BF4B-00C04F79EFBC}") = "LW.Agents.DBUtility", "LW.Agents.DBUtility\LW.Agents.DBUtility.csproj", "{8D9D08CB-CC0A-4668-AD5C-30FD3CE77EFF}"
EndProject
Global
	GlobalSection(SolutionConfigurationPlatforms) = preSolution
		Debug|Any CPU = Debug|Any CPU
		Release|Any CPU = Release|Any CPU
	EndGlobalSection
	GlobalSection(ProjectConfigurationPlatforms) = postSolution
		{C5CD9A62-1554-420D-AC33-D52AC47D2EFB}.Debug|Any CPU.ActiveCfg = Debug|Any CPU
		{C5CD9A62-1554-420D-AC33-D52AC47D2EFB}.Debug|Any CPU.Build.0 = Debug|Any CPU
		{C5CD9A62-1554-420D-AC33-D52AC47D2EFB}.Release|Any CPU.ActiveCfg = Release|Any CPU
		{C5CD9A62-1554-420D-AC33-D52AC47D2EFB}.Release|Any CPU.Build.0 = Release|Any CPU
		{1F75C770-4D20-469D-9A92-F5578D01C3C1}.Debug|Any CPU.ActiveCfg = Debug|Any CPU
		{1F75C770-4D20-469D-9A92-F5578D01C3C1}.Debug|Any CPU.Build.0 = Debug|Any CPU
		{1F75C770-4D20-469D-9A92-F5578D01C3C1}.Release|Any CPU.ActiveCfg = Release|Any CPU
		{1F75C770-4D20-469D-9A92-F5578D01C3C1}.Release|Any CPU.Build.0 = Release|Any CPU
		{8D9D08CB-CC0A-4668-AD5C-30FD3CE77EFF}.Debug|Any CPU.ActiveCfg = Debug|Any CPU
		{8D9D08CB-CC0A-4668-AD5C-30FD3CE77EFF}.Debug|Any CPU.Build.0 = Debug|Any CPU
		{8D9D08CB-CC0A-4668-AD5C-30FD3CE77EFF}.Release|Any CPU.ActiveCfg = Release|Any CPU
		{8D9D08CB-CC0A-4668-AD5C-30FD3CE77EFF}.Release|Any CPU.Build.0 = Release|Any CPU
	EndGlobalSection
	GlobalSection(SolutionProperties) = preSolution
		HideSolutionNode = FALSE
	EndGlobalSection
EndGlobal
